
Microsoft Visual Studio Solution File, Format Version 12.00
# Visual Studio Version 17
VisualStudioVersion = 17.14.37111.16 d17.14
MinimumVisualStudioVersion = 10.0.40219.1
Project("{FAE04EC0-301F-11D3-BF4B-00C04F79EFBC}") = "ScanTool", "ScanTool.csproj", "{9E328E2C-4DB4-4D46-A55A-F39CB0EE27AF}"
EndProject
Project("{FAE04EC0-301F-11D3-BF4B-00C04F79EFBC}") = "ServiceTest", "..\ServiceTest\ServiceTest.csproj", "{B161AB29-19EA-4466-A7AB-64323CF4F771}"
EndProject
Global
	GlobalSection(SolutionConfigurationPlatforms) = preSolution
		Debug|Any CPU = Debug|Any CPU
		Release|Any CPU = Release|Any CPU
	EndGlobalSection
	GlobalSection(ProjectConfigurationPlatforms) = postSolution
		{9E328E2C-4DB4-4D46-A55A-F39CB0EE27AF}.Debug|Any CPU.ActiveCfg = Debug|Any CPU
		{9E328E2C-4DB4-4D46-A55A-F39CB0EE27AF}.Debug|Any CPU.Build.0 = Debug|Any CPU
		{9E328E2C-4DB4-4D46-A55A-F39CB0EE27AF}.Release|Any CPU.ActiveCfg = Release|Any CPU
		{9E328E2C-4DB4-4D46-A55A-F39CB0EE27AF}.Release|Any CPU.Build.0 = Release|Any CPU
		{B161AB29-19EA-4466-A7AB-64323CF4F771}.Debug|Any CPU.ActiveCfg = Debug|Any CPU
		{B161AB29-19EA-4466-A7AB-64323CF4F771}.Debug|Any CPU.Build.0 = Debug|Any CPU
		{B161AB29-19EA-4466-A7AB-64323CF4F771}.Release|Any CPU.ActiveCfg = Release|Any CPU
		{B161AB29-19EA-4466-A7AB-64323CF4F771}.Release|Any CPU.Build.0 = Release|Any CPU
	EndGlobalSection
	GlobalSection(SolutionProperties) = preSolution
		HideSolutionNode = FALSE
	EndGlobalSection
	GlobalSection(ExtensibilityGlobals) = postSolution
		SolutionGuid = {57C03E51-5BD3-4DF8-967C-CD2492FAB565}
	EndGlobalSection
EndGlobal
